// !$*UTF8*$!
{
	archiveVersion = 1;
	classes = {
	};
	objectVersion = 50;
	objects = {

/* Begin PBXBuildFile section */
		024A359C2535228F0015D833 /* AppDelegate.swift in Sources */ = {isa = PBXBuildFile; fileRef = 024A359B2535228F0015D833 /* AppDelegate.swift */; };
		024A359E2535228F0015D833 /* SceneDelegate.swift in Sources */ = {isa = PBXBuildFile; fileRef = 024A359D2535228F0015D833 /* SceneDelegate.swift */; };
		024A35A02535228F0015D833 /* ViewController.swift in Sources */ = {isa = PBXBuildFile; fileRef = 024A359F2535228F0015D833 /* ViewController.swift */; };
		024A35A32535228F0015D833 /* Main.storyboard in Resources */ = {isa = PBXBuildFile; fileRef = 024A35A12535228F0015D833 /* Main.storyboard */; };
		024A35A5253522900015D833 /* Assets.xcassets in Resources */ = {isa = PBXBuildFile; fileRef = 024A35A4253522900015D833 /* Assets.xcassets */; };
		024A35A8253522900015D833 /* LaunchScreen.storyboard in Resources */ = {isa = PBXBuildFile; fileRef = 024A35A6253522900015D833 /* LaunchScreen.storyboard */; };
		024A35B3253522900015D833 /* GameExampleOneTests.swift in Sources */ = {isa = PBXBuildFile; fileRef = 024A35B2253522900015D833 /* GameExampleOneTests.swift */; };
		024A35BE253522900015D833 /* GameExampleOneUITests.swift in Sources */ = {isa = PBXBuildFile; fileRef = 024A35BD253522900015D833 /* GameExampleOneUITests.swift */; };
		024A35D825354CF10015D833 /* Shader.metal in Sources */ = {isa = PBXBuildFile; fileRef = 024A35D725354CF10015D833 /* Shader.metal */; };
		024C38D72541DA44002A0686 /* MathLibrary.swift in Sources */ = {isa = PBXBuildFile; fileRef = 024C38D62541DA44002A0686 /* MathLibrary.swift */; };
/* End PBXBuildFile section */

/* Begin PBXContainerItemProxy section */
		024A35AF253522900015D833 /* PBXContainerItemProxy */ = {
			isa = PBXContainerItemProxy;
			containerPortal = 024A35902535228F0015D833 /* Project object */;
			proxyType = 1;
			remoteGlobalIDString = 024A35972535228F0015D833;
			remoteInfo = GameExampleOne;
		};
		024A35BA253522900015D833 /* PBXContainerItemProxy */ = {
			isa = PBXContainerItemProxy;
			containerPortal = 024A35902535228F0015D833 /* Project object */;
			proxyType = 1;
			remoteGlobalIDString = 024A35972535228F0015D833;
			remoteInfo = GameExampleOne;
		};
/* End PBXContainerItemProxy section */

/* Begin PBXFileReference section */
		024A35982535228F0015D833 /* GameExampleOne.app */ = {isa = PBXFileReference; explicitFileType = wrapper.application; includeInIndex = 0; path = GameExampleOne.app; sourceTree = BUILT_PRODUCTS_DIR; };
		024A359B2535228F0015D833 /* AppDelegate.swift */ = {isa = PBXFileReference; lastKnownFileType = sourcecode.swift; path = AppDelegate.swift; sourceTree = "<group>"; };
		024A359D2535228F0015D833 /* SceneDelegate.swift */ = {isa = PBXFileReference; lastKnownFileType = sourcecode.swift; path = SceneDelegate.swift; sourceTree = "<group>"; };
		024A359F2535228F0015D833 /* ViewController.swift */ = {isa = PBXFileReference; lastKnownFileType = sourcecode.swift; path = ViewController.swift; sourceTree = "<group>"; };
		024A35A22535228F0015D833 /* Base */ = {isa = PBXFileReference; lastKnownFileType = file.storyboard; name = Base; path = Base.lproj/Main.storyboard; sourceTree = "<group>"; };
		024A35A4253522900015D833 /* Assets.xcassets */ = {isa = PBXFileReference; lastKnownFileType = folder.assetcatalog; path = Assets.xcassets; sourceTree = "<group>"; };
		024A35A7253522900015D833 /* Base */ = {isa = PBXFileReference; lastKnownFileType = file.storyboard; name = Base; path = Base.lproj/LaunchScreen.storyboard; sourceTree = "<group>"; };
		024A35A9253522900015D833 /* Info.plist */ = {isa = PBXFileReference; lastKnownFileType = text.plist.xml; path = Info.plist; sourceTree = "<group>"; };
		024A35AE253522900015D833 /* GameExampleOneTests.xctest */ = {isa = PBXFileReference; explicitFileType = wrapper.cfbundle; includeInIndex = 0; path = GameExampleOneTests.xctest; sourceTree = BUILT_PRODUCTS_DIR; };
		024A35B2253522900015D833 /* GameExampleOneTests.swift */ = {isa = PBXFileReference; lastKnownFileType = sourcecode.swift; path = GameExampleOneTests.swift; sourceTree = "<group>"; };
		024A35B4253522900015D833 /* Info.plist */ = {isa = PBXFileReference; lastKnownFileType = text.plist.xml; path = Info.plist; sourceTree = "<group>"; };
		024A35B9253522900015D833 /* GameExampleOneUITests.xctest */ = {isa = PBXFileReference; explicitFileType = wrapper.cfbundle; includeInIndex = 0; path = GameExampleOneUITests.xctest; sourceTree = BUILT_PRODUCTS_DIR; };
		024A35BD253522900015D833 /* GameExampleOneUITests.swift */ = {isa = PBXFileReference; lastKnownFileType = sourcecode.swift; path = GameExampleOneUITests.swift; sourceTree = "<group>"; };
		024A35BF253522900015D833 /* Info.plist */ = {isa = PBXFileReference; lastKnownFileType = text.plist.xml; path = Info.plist; sourceTree = "<group>"; };
		024A35D0253547880015D833 /* GPUObjects.h */ = {isa = PBXFileReference; lastKnownFileType = sourcecode.c.h; path = GPUObjects.h; sourceTree = "<group>"; };
		024A35D725354CF10015D833 /* Shader.metal */ = {isa = PBXFileReference; lastKnownFileType = sourcecode.metal; path = Shader.metal; sourceTree = "<group>"; };
		024C38D62541DA44002A0686 /* MathLibrary.swift */ = {isa = PBXFileReference; fileEncoding = 4; lastKnownFileType = sourcecode.swift; path = MathLibrary.swift; sourceTree = "<group>"; };
/* End PBXFileReference section */

/* Begin PBXFrameworksBuildPhase section */
		024A35952535228F0015D833 /* Frameworks */ = {
			isa = PBXFrameworksBuildPhase;
			buildActionMask = 2147483647;
			files = (
			);
			runOnlyForDeploymentPostprocessing = 0;
		};
		024A35AB253522900015D833 /* Frameworks */ = {
			isa = PBXFrameworksBuildPhase;
			buildActionMask = 2147483647;
			files = (
			);
			runOnlyForDeploymentPostprocessing = 0;
		};
		024A35B6253522900015D833 /* Frameworks */ = {
			isa = PBXFrameworksBuildPhase;
			buildActionMask = 2147483647;
			files = (
			);
			runOnlyForDeploymentPostprocessing = 0;
		};
/* End PBXFrameworksBuildPhase section */

/* Begin PBXGroup section */
		024A358F2535228F0015D833 = {
			isa = PBXGroup;
			children = (
				024A359A2535228F0015D833 /* GameExampleOne */,
				024A35B1253522900015D833 /* GameExampleOneTests */,
				024A35BC253522900015D833 /* GameExampleOneUITests */,
				024A35992535228F0015D833 /* Products */,
			);
			sourceTree = "<group>";
		};
		024A35992535228F0015D833 /* Products */ = {
			isa = PBXGroup;
			children = (
				024A35982535228F0015D833 /* GameExampleOne.app */,
				024A35AE253522900015D833 /* GameExampleOneTests.xctest */,
				024A35B9253522900015D833 /* GameExampleOneUITests.xctest */,
			);
			name = Products;
			sourceTree = "<group>";
		};
		024A359A2535228F0015D833 /* GameExampleOne */ = {
			isa = PBXGroup;
			children = (
				024C38D62541DA44002A0686 /* MathLibrary.swift */,
				024A359B2535228F0015D833 /* AppDelegate.swift */,
				024A359D2535228F0015D833 /* SceneDelegate.swift */,
				024A359F2535228F0015D833 /* ViewController.swift */,
				024A35A12535228F0015D833 /* Main.storyboard */,
				024A35A4253522900015D833 /* Assets.xcassets */,
				024A35A6253522900015D833 /* LaunchScreen.storyboard */,
				024A35A9253522900015D833 /* Info.plist */,
				024A35D0253547880015D833 /* GPUObjects.h */,
				024A35D725354CF10015D833 /* Shader.metal */,
			);
			path = GameExampleOne;
			sourceTree = "<group>";
		};
		024A35B1253522900015D833 /* GameExampleOneTests */ = {
			isa = PBXGroup;
			children = (
				024A35B2253522900015D833 /* GameExampleOneTests.swift */,
				024A35B4253522900015D833 /* Info.plist */,
			);
			path = GameExampleOneTests;
			sourceTree = "<group>";
		};
		024A35BC253522900015D833 /* GameExampleOneUITests */ = {
			isa = PBXGroup;
			children = (
				024A35BD253522900015D833 /* GameExampleOneUITests.swift */,
				024A35BF253522900015D833 /* Info.plist */,
			);
			path = GameExampleOneUITests;
			sourceTree = "<group>";
		};
/* End PBXGroup section */

/* Begin PBXNativeTarget section */
		024A35972535228F0015D833 /* GameExampleOne */ = {
			isa = PBXNativeTarget;
			buildConfigurationList = 024A35C2253522900015D833 /* Build configuration list for PBXNativeTarget "GameExampleOne" */;
			buildPhases = (
				024A35942535228F0015D833 /* Sources */,
				024A35952535228F0015D833 /* Frameworks */,
				024A35962535228F0015D833 /* Resources */,
			);
			buildRules = (
			);
			dependencies = (
			);
			name = GameExampleOne;
			productName = GameExampleOne;
			productReference = 024A35982535228F0015D833 /* GameExampleOne.app */;
			productType = "com.apple.product-type.application";
		};
		024A35AD253522900015D833 /* GameExampleOneTests */ = {
			isa = PBXNativeTarget;
			buildConfigurationList = 024A35C5253522900015D833 /* Build configuration list for PBXNativeTarget "GameExampleOneTests" */;
			buildPhases = (
				024A35AA253522900015D833 /* Sources */,
				024A35AB253522900015D833 /* Frameworks */,
				024A35AC253522900015D833 /* Resources */,
			);
			buildRules = (
			);
			dependencies = (
				024A35B0253522900015D833 /* PBXTargetDependency */,
			);
			name = GameExampleOneTests;
			productName = GameExampleOneTests;
			productReference = 024A35AE253522900015D833 /* GameExampleOneTests.xctest */;
			productType = "com.apple.product-type.bundle.unit-test";
		};
		024A35B8253522900015D833 /* GameExampleOneUITests */ = {
			isa = PBXNativeTarget;
			buildConfigurationList = 024A35C8253522900015D833 /* Build configuration list for PBXNativeTarget "GameExampleOneUITests" */;
			buildPhases = (
				024A35B5253522900015D833 /* Sources */,
				024A35B6253522900015D833 /* Frameworks */,
				024A35B7253522900015D833 /* Resources */,
			);
			buildRules = (
			);
			dependencies = (
				024A35BB253522900015D833 /* PBXTargetDependency */,
			);
			name = GameExampleOneUITests;
			productName = GameExampleOneUITests;
			productReference = 024A35B9253522900015D833 /* GameExampleOneUITests.xctest */;
			productType = "com.apple.product-type.bundle.ui-testing";
		};
/* End PBXNativeTarget section */

/* Begin PBXProject section */
		024A35902535228F0015D833 /* Project object */ = {
			isa = PBXProject;
			attributes = {
				LastSwiftUpdateCheck = 1200;
				LastUpgradeCheck = 1200;
				TargetAttributes = {
					024A35972535228F0015D833 = {
						CreatedOnToolsVersion = 12.0.1;
					};
					024A35AD253522900015D833 = {
						CreatedOnToolsVersion = 12.0.1;
						TestTargetID = 024A35972535228F0015D833;
					};
					024A35B8253522900015D833 = {
						CreatedOnToolsVersion = 12.0.1;
						TestTargetID = 024A35972535228F0015D833;
					};
				};
			};
			buildConfigurationList = 024A35932535228F0015D833 /* Build configuration list for PBXProject "GameExampleOne" */;
			compatibilityVersion = "Xcode 9.3";
			developmentRegion = en;
			hasScannedForEncodings = 0;
			knownRegions = (
				en,
				Base,
			);
			mainGroup = 024A358F2535228F0015D833;
			productRefGroup = 024A35992535228F0015D833 /* Products */;
			projectDirPath = "";
			projectRoot = "";
			targets = (
				024A35972535228F0015D833 /* GameExampleOne */,
				024A35AD253522900015D833 /* GameExampleOneTests */,
				024A35B8253522900015D833 /* GameExampleOneUITests */,
			);
		};
/* End PBXProject section */

/* Begin PBXResourcesBuildPhase section */
		024A35962535228F0015D833 /* Resources */ = {
			isa = PBXResourcesBuildPhase;
			buildActionMask = 2147483647;
			files = (
				024A35A8253522900015D833 /* LaunchScreen.storyboard in Resources */,
				024A35A5253522900015D833 /* Assets.xcassets in Resources */,
				024A35A32535228F0015D833 /* Main.storyboard in Resources */,
			);
			runOnlyForDeploymentPostprocessing = 0;
		};
		024A35AC253522900015D833 /* Resources */ = {
			isa = PBXResourcesBuildPhase;
			buildActionMask = 2147483647;
			files = (
			);
			runOnlyForDeploymentPostprocessing = 0;
		};
		024A35B7253522900015D833 /* Resources */ = {
			isa = PBXResourcesBuildPhase;
			buildActionMask = 2147483647;
			files = (
			);
			runOnlyForDeploymentPostprocessing = 0;
		};
/* End PBXResourcesBuildPhase section */

/* Begin PBXSourcesBuildPhase section */
		024A35942535228F0015D833 /* Sources */ = {
			isa = PBXSourcesBuildPhase;
			buildActionMask = 2147483647;
			files = (
				024A35D825354CF10015D833 /* Shader.metal in Sources */,
				024A35A02535228F0015D833 /* ViewController.swift in Sources */,
				024A359C2535228F0015D833 /* AppDelegate.swift in Sources */,
				024A359E2535228F0015D833 /* SceneDelegate.swift in Sources */,
				024C38D72541DA44002A0686 /* MathLibrary.swift in Sources */,
			);
			runOnlyForDeploymentPostprocessing = 0;
		};
		024A35AA253522900015D833 /* Sources */ = {
			isa = PBXSourcesBuildPhase;
			buildActionMask = 2147483647;
			files = (
				024A35B3253522900015D833 /* GameExampleOneTests.swift in Sources */,
			);
			runOnlyForDeploymentPostprocessing = 0;
		};
		024A35B5253522900015D833 /* Sources */ = {
			isa = PBXSourcesBuildPhase;
			buildActionMask = 2147483647;
			files = (
				024A35BE253522900015D833 /* GameExampleOneUITests.swift in Sources */,
			);
			runOnlyForDeploymentPostprocessing = 0;
		};
/* End PBXSourcesBuildPhase section */

/* Begin PBXTargetDependency section */
		024A35B0253522900015D833 /* PBXTargetDependency */ = {
			isa = PBXTargetDependency;
			target = 024A35972535228F0015D833 /* GameExampleOne */;
			targetProxy = 024A35AF253522900015D833 /* PBXContainerItemProxy */;
		};
		024A35BB253522900015D833 /* PBXTargetDependency */ = {
			isa = PBXTargetDependency;
			target = 024A35972535228F0015D833 /* GameExampleOne */;
			targetProxy = 024A35BA253522900015D833 /* PBXContainerItemProxy */;
		};
/* End PBXTargetDependency section */

/* Begin PBXVariantGroup section */
		024A35A12535228F0015D833 /* Main.storyboard */ = {
			isa = PBXVariantGroup;
			children = (
				024A35A22535228F0015D833 /* Base */,
			);
			name = Main.storyboard;
			sourceTree = "<group>";
		};
		024A35A6253522900015D833 /* LaunchScreen.storyboard */ = {
			isa = PBXVariantGroup;
			children = (
				024A35A7253522900015D833 /* Base */,
			);
			name = LaunchScreen.storyboard;
			sourceTree = "<group>";
		};
/* End PBXVariantGroup section */

/* Begin XCBuildConfiguration section */
		024A35C0253522900015D833 /* Debug */ = {
			isa = XCBuildConfiguration;
			buildSettings = {
				ALWAYS_SEARCH_USER_PATHS = NO;
				CLANG_ANALYZER_NONNULL = YES;
				CLANG_ANALYZER_NUMBER_OBJECT_CONVERSION = YES_AGGRESSIVE;
				CLANG_CXX_LANGUAGE_STANDARD = "gnu++14";
				CLANG_CXX_LIBRARY = "libc++";
				CLANG_ENABLE_MODULES = YES;
				CLANG_ENABLE_OBJC_ARC = YES;
				CLANG_ENABLE_OBJC_WEAK = YES;
				CLANG_WARN_BLOCK_CAPTURE_AUTORELEASING = YES;
				CLANG_WARN_BOOL_CONVERSION = YES;
				CLANG_WARN_COMMA = YES;
				CLANG_WARN_CONSTANT_CONVERSION = YES;
				CLANG_WARN_DEPRECATED_OBJC_IMPLEMENTATIONS = YES;
				CLANG_WARN_DIRECT_OBJC_ISA_USAGE = YES_ERROR;
				CLANG_WARN_DOCUMENTATION_COMMENTS = YES;
				CLANG_WARN_EMPTY_BODY = YES;
				CLANG_WARN_ENUM_CONVERSION = YES;
				CLANG_WARN_INFINITE_RECURSION = YES;
				CLANG_WARN_INT_CONVERSION = YES;
				CLANG_WARN_NON_LITERAL_NULL_CONVERSION = YES;
				CLANG_WARN_OBJC_IMPLICIT_RETAIN_SELF = YES;
				CLANG_WARN_OBJC_LITERAL_CONVERSION = YES;
				CLANG_WARN_OBJC_ROOT_CLASS = YES_ERROR;
				CLANG_WARN_QUOTED_INCLUDE_IN_FRAMEWORK_HEADER = YES;
				CLANG_WARN_RANGE_LOOP_ANALYSIS = YES;
				CLANG_WARN_STRICT_PROTOTYPES = YES;
				CLANG_WARN_SUSPICIOUS_MOVE = YES;
				CLANG_WARN_UNGUARDED_AVAILABILITY = YES_AGGRESSIVE;
				CLANG_WARN_UNREACHABLE_CODE = YES;
				CLANG_WARN__DUPLICATE_METHOD_MATCH = YES;
				COPY_PHASE_STRIP = NO;
				DEBUG_INFORMATION_FORMAT = dwarf;
				ENABLE_STRICT_OBJC_MSGSEND = YES;
				ENABLE_TESTABILITY = YES;
				GCC_C_LANGUAGE_STANDARD = gnu11;
				GCC_DYNAMIC_NO_PIC = NO;
				GCC_NO_COMMON_BLOCKS = YES;
				GCC_OPTIMIZATION_LEVEL = 0;
				GCC_PREPROCESSOR_DEFINITIONS = (
					"DEBUG=1",
					"$(inherited)",
				);
				GCC_WARN_64_TO_32_BIT_CONVERSION = YES;
				GCC_WARN_ABOUT_RETURN_TYPE = YES_ERROR;
				GCC_WARN_UNDECLARED_SELECTOR = YES;
				GCC_WARN_UNINITIALIZED_AUTOS = YES_AGGRESSIVE;
				GCC_WARN_UNUSED_FUNCTION = YES;
				GCC_WARN_UNUSED_VARIABLE = YES;
				IPHONEOS_DEPLOYMENT_TARGET = 14.0;
				MTL_ENABLE_DEBUG_INFO = INCLUDE_SOURCE;
				MTL_FAST_MATH = YES;
				ONLY_ACTIVE_ARCH = YES;
				SDKROOT = iphoneos;
				SWIFT_ACTIVE_COMPILATION_CONDITIONS = DEBUG;
				SWIFT_OPTIMIZATION_LEVEL = "-Onone";
			};
			name = Debug;
		};
		024A35C1253522900015D833 /* Release */ = {
			isa = XCBuildConfiguration;
			buildSettings = {
				ALWAYS_SEARCH_USER_PATHS = NO;
				CLANG_ANALYZER_NONNULL = YES;
				CLANG_ANALYZER_NUMBER_OBJECT_CONVERSION = YES_AGGRESSIVE;
				CLANG_CXX_LANGUAGE_STANDARD = "gnu++14";
				CLANG_CXX_LIBRARY = "libc++";
				CLANG_ENABLE_MODULES = YES;
				CLANG_ENABLE_OBJC_ARC = YES;
				CLANG_ENABLE_OBJC_WEAK = YES;
				CLANG_WARN_BLOCK_CAPTURE_AUTORELEASING = YES;
				CLANG_WARN_BOOL_CONVERSION = YES;
				CLANG_WARN_COMMA = YES;
				CLANG_WARN_CONSTANT_CONVERSION = YES;
				CLANG_WARN_DEPRECATED_OBJC_IMPLEMENTATIONS = YES;
				CLANG_WARN_DIRECT_OBJC_ISA_USAGE = YES_ERROR;
				CLANG_WARN_DOCUMENTATION_COMMENTS = YES;
				CLANG_WARN_EMPTY_BODY = YES;
				CLANG_WARN_ENUM_CONVERSION = YES;
				CLANG_WARN_INFINITE_RECURSION = YES;
				CLANG_WARN_INT_CONVERSION = YES;
				CLANG_WARN_NON_LITERAL_NULL_CONVERSION = YES;
				CLANG_WARN_OBJC_IMPLICIT_RETAIN_SELF = YES;
				CLANG_WARN_OBJC_LITERAL_CONVERSION = YES;
				CLANG_WARN_OBJC_ROOT_CLASS = YES_ERROR;
				CLANG_WARN_QUOTED_INCLUDE_IN_FRAMEWORK_HEADER = YES;
				CLANG_WARN_RANGE_LOOP_ANALYSIS = YES;
				CLANG_WARN_STRICT_PROTOTYPES = YES;
				CLANG_WARN_SUSPICIOUS_MOVE = YES;
				CLANG_WARN_UNGUARDED_AVAILABILITY = YES_AGGRESSIVE;
				CLANG_WARN_UNREACHABLE_CODE = YES;
				CLANG_WARN__DUPLICATE_METHOD_MATCH = YES;
				COPY_PHASE_STRIP = NO;
				DEBUG_INFORMATION_FORMAT = "dwarf-with-dsym";
				ENABLE_NS_ASSERTIONS = NO;
				ENABLE_STRICT_OBJC_MSGSEND = YES;
				GCC_C_LANGUAGE_STANDARD = gnu11;
				GCC_NO_COMMON_BLOCKS = YES;
				GCC_WARN_64_TO_32_BIT_CONVERSION = YES;
				GCC_WARN_ABOUT_RETURN_TYPE = YES_ERROR;
				GCC_WARN_UNDECLARED_SELECTOR = YES;
				GCC_WARN_UNINITIALIZED_AUTOS = YES_AGGRESSIVE;
				GCC_WARN_UNUSED_FUNCTION = YES;
				GCC_WARN_UNUSED_VARIABLE = YES;
				IPHONEOS_DEPLOYMENT_TARGET = 14.0;
				MTL_ENABLE_DEBUG_INFO = NO;
				MTL_FAST_MATH = YES;
				SDKROOT = iphoneos;
				SWIFT_COMPILATION_MODE = wholemodule;
				SWIFT_OPTIMIZATION_LEVEL = "-O";
				VALIDATE_PRODUCT = YES;
			};
			name = Release;
		};
		024A35C3253522900015D833 /* Debug */ = {
			isa = XCBuildConfiguration;
			buildSettings = {
				ASSETCATALOG_COMPILER_APPICON_NAME = AppIcon;
				ASSETCATALOG_COMPILER_GLOBAL_ACCENT_COLOR_NAME = AccentColor;
				CODE_SIGN_STYLE = Automatic;
				DEVELOPMENT_TEAM = 4HWQ95CTCF;
				INFOPLIST_FILE = GameExampleOne/Info.plist;
				LD_RUNPATH_SEARCH_PATHS = (
					"$(inherited)",
					"@executable_path/Frameworks",
				);
				PRODUCT_BUNDLE_IDENTIFIER = com.mehus.GameExampleOne;
				PRODUCT_NAME = "$(TARGET_NAME)";
				SWIFT_OBJC_BRIDGING_HEADER = /Users/scott.mehus/Documents/ScottPersonal/GameExampleOne/GameExampleOne/GPUObjects.h;
				SWIFT_VERSION = 5.0;
				TARGETED_DEVICE_FAMILY = "1,2";
			};
			name = Debug;
		};
		024A35C4253522900015D833 /* Release */ = {
			isa = XCBuildConfiguration;
			buildSettings = {
				ASSETCATALOG_COMPILER_APPICON_NAME = AppIcon;
				ASSETCATALOG_COMPILER_GLOBAL_ACCENT_COLOR_NAME = AccentColor;
				CODE_SIGN_STYLE = Automatic;
				DEVELOPMENT_TEAM = 4HWQ95CTCF;
				INFOPLIST_FILE = GameExampleOne/Info.plist;
				LD_RUNPATH_SEARCH_PATHS = (
					"$(inherited)",
					"@executable_path/Frameworks",
				);
				PRODUCT_BUNDLE_IDENTIFIER = com.mehus.GameExampleOne;
				PRODUCT_NAME = "$(TARGET_NAME)";
				SWIFT_OBJC_BRIDGING_HEADER = /Users/scott.mehus/Documents/ScottPersonal/GameExampleOne/GameExampleOne/GPUObjects.h;
				SWIFT_VERSION = 5.0;
				TARGETED_DEVICE_FAMILY = "1,2";
			};
			name = Release;
		};
		024A35C6253522900015D833 /* Debug */ = {
			isa = XCBuildConfiguration;
			buildSettings = {
				ALWAYS_EMBED_SWIFT_STANDARD_LIBRARIES = YES;
				BUNDLE_LOADER = "$(TEST_HOST)";
				CODE_SIGN_STYLE = Automatic;
				DEVELOPMENT_TEAM = 4HWQ95CTCF;
				INFOPLIST_FILE = GameExampleOneTests/Info.plist;
				IPHONEOS_DEPLOYMENT_TARGET = 14.0;
				LD_RUNPATH_SEARCH_PATHS = (
					"$(inherited)",
					"@executable_path/Frameworks",
					"@loader_path/Frameworks",
				);
				PRODUCT_BUNDLE_IDENTIFIER = com.mehus.GameExampleOneTests;
				PRODUCT_NAME = "$(TARGET_NAME)";
				SWIFT_VERSION = 5.0;
				TARGETED_DEVICE_FAMILY = "1,2";
				TEST_HOST = "$(BUILT_PRODUCTS_DIR)/GameExampleOne.app/GameExampleOne";
			};
			name = Debug;
		};
		024A35C7253522900015D833 /* Release */ = {
			isa = XCBuildConfiguration;
			buildSettings = {
				ALWAYS_EMBED_SWIFT_STANDARD_LIBRARIES = YES;
				BUNDLE_LOADER = "$(TEST_HOST)";
				CODE_SIGN_STYLE = Automatic;
				DEVELOPMENT_TEAM = 4HWQ95CTCF;
				INFOPLIST_FILE = GameExampleOneTests/Info.plist;
				IPHONEOS_DEPLOYMENT_TARGET = 14.0;
				LD_RUNPATH_SEARCH_PATHS = (
					"$(inherited)",
					"@executable_path/Frameworks",
					"@loader_path/Frameworks",
				);
				PRODUCT_BUNDLE_IDENTIFIER = com.mehus.GameExampleOneTests;
				PRODUCT_NAME = "$(TARGET_NAME)";
				SWIFT_VERSION = 5.0;
				TARGETED_DEVICE_FAMILY = "1,2";
				TEST_HOST = "$(BUILT_PRODUCTS_DIR)/GameExampleOne.app/GameExampleOne";
			};
			name = Release;
		};
		024A35C9253522900015D833 /* Debug */ = {
			isa = XCBuildConfiguration;
			buildSettings = {
				ALWAYS_EMBED_SWIFT_STANDARD_LIBRARIES = YES;
				CODE_SIGN_STYLE = Automatic;
				DEVELOPMENT_TEAM = 4HWQ95CTCF;
				INFOPLIST_FILE = GameExampleOneUITests/Info.plist;
				LD_RUNPATH_SEARCH_PATHS = (
					"$(inherited)",
					"@executable_path/Frameworks",
					"@loader_path/Frameworks",
				);
				PRODUCT_BUNDLE_IDENTIFIER = com.mehus.GameExampleOneUITests;
				PRODUCT_NAME = "$(TARGET_NAME)";
				SWIFT_VERSION = 5.0;
				TARGETED_DEVICE_FAMILY = "1,2";
				TEST_TARGET_NAME = GameExampleOne;
			};
			name = Debug;
		};
		024A35CA253522900015D833 /* Release */ = {
			isa = XCBuildConfiguration;
			buildSettings = {
				ALWAYS_EMBED_SWIFT_STANDARD_LIBRARIES = YES;
				CODE_SIGN_STYLE = Automatic;
				DEVELOPMENT_TEAM = 4HWQ95CTCF;
				INFOPLIST_FILE = GameExampleOneUITests/Info.plist;
				LD_RUNPATH_SEARCH_PATHS = (
					"$(inherited)",
					"@executable_path/Frameworks",
					"@loader_path/Frameworks",
				);
				PRODUCT_BUNDLE_IDENTIFIER = com.mehus.GameExampleOneUITests;
				PRODUCT_NAME = "$(TARGET_NAME)";
				SWIFT_VERSION = 5.0;
				TARGETED_DEVICE_FAMILY = "1,2";
				TEST_TARGET_NAME = GameExampleOne;
			};
			name = Release;
		};
/* End XCBuildConfiguration section */

/* Begin XCConfigurationList section */
		024A35932535228F0015D833 /* Build configuration list for PBXProject "GameExampleOne" */ = {
			isa = XCConfigurationList;
			buildConfigurations = (
				024A35C0253522900015D833 /* Debug */,
				024A35C1253522900015D833 /* Release */,
			);
			defaultConfigurationIsVisible = 0;
			defaultConfigurationName = Release;
		};
		024A35C2253522900015D833 /* Build configuration list for PBXNativeTarget "GameExampleOne" */ = {
			isa = XCConfigurationList;
			buildConfigurations = (
				024A35C3253522900015D833 /* Debug */,
				024A35C4253522900015D833 /* Release */,
			);
			defaultConfigurationIsVisible = 0;
			defaultConfigurationName = Release;
		};
		024A35C5253522900015D833 /* Build configuration list for PBXNativeTarget "GameExampleOneTests" */ = {
			isa = XCConfigurationList;
			buildConfigurations = (
				024A35C6253522900015D833 /* Debug */,
				024A35C7253522900015D833 /* Release */,
			);
			defaultConfigurationIsVisible = 0;
			defaultConfigurationName = Release;
		};
		024A35C8253522900015D833 /* Build configuration list for PBXNativeTarget "GameExampleOneUITests" */ = {
			isa = XCConfigurationList;
			buildConfigurations = (
				024A35C9253522900015D833 /* Debug */,
				024A35CA253522900015D833 /* Release */,
			);
			defaultConfigurationIsVisible = 0;
			defaultConfigurationName = Release;
		};
/* End XCConfigurationList section */
	};
	rootObject = 024A35902535228F0015D833 /* Project object */;
}
